
Microsoft Visual Studio Solution File, Format Version 12.00
# Visual Studio Version 17
VisualStudioVersion = 17.5.33530.505
MinimumVisualStudioVersion = 10.0.40219.1
Project("{FAE04EC0-301F-11D3-BF4B-00C04F79EFBC}") = "WindowsFormsApp2", "WindowsFormsApp2.csproj", "{24D61065-5AF3-4863-ACB1-2870B38409F6}"
EndProject
Global
	GlobalSection(SolutionConfigurationPlatforms) = preSolution
		Debug|Any CPU = Debug|Any CPU
		Release|Any CPU = Release|Any CPU
	EndGlobalSection
	GlobalSection(ProjectConfigurationPlatforms) = postSolution
		{24D61065-5AF3-4863-ACB1-2870B38409F6}.Debug|Any CPU.ActiveCfg = Debug|Any CPU
		{24D61065-5AF3-4863-ACB1-2870B38409F6}.Debug|Any CPU.Build.0 = Debug|Any CPU
		{24D61065-5AF3-4863-ACB1-2870B38409F6}.Release|Any CPU.ActiveCfg = Release|Any CPU
		{24D61065-5AF3-4863-ACB1-2870B38409F6}.Release|Any CPU.Build.0 = Release|Any CPU
	EndGlobalSection
	GlobalSection(SolutionProperties) = preSolution
		HideSolutionNode = FALSE
	EndGlobalSection
	GlobalSection(ExtensibilityGlobals) = postSolution
		SolutionGuid = {6F59271D-3A82-4E31-813A-33E1E17C77CB}
	EndGlobalSection
EndGlobal
